
Microsoft Visual Studio Solution File, Format Version 12.00
# Visual Studio Version 16
VisualStudioVersion = 16.0.31702.278
MinimumVisualStudioVersion = 10.0.40219.1
Project("{FAE04EC0-301F-11D3-BF4B-00C04F79EFBC}") = "NewsAPI", "NewsAPI.csproj", "{5040777D-CAD4-4FC3-B963-E22AACE58E76}"
EndProject
Global
	GlobalSection(SolutionConfigurationPlatforms) = preSolution
		Debug|Any CPU = Debug|Any CPU
		Release|Any CPU = Release|Any CPU
	EndGlobalSection
	GlobalSection(ProjectConfigurationPlatforms) = postSolution
		{5040777D-CAD4-4FC3-B963-E22AACE58E76}.Debug|Any CPU.ActiveCfg = Debug|Any CPU
		{5040777D-CAD4-4FC3-B963-E22AACE58E76}.Debug|Any CPU.Build.0 = Debug|Any CPU
		{5040777D-CAD4-4FC3-B963-E22AACE58E76}.Release|Any CPU.ActiveCfg = Release|Any CPU
		{5040777D-CAD4-4FC3-B963-E22AACE58E76}.Release|Any CPU.Build.0 = Release|Any CPU
	EndGlobalSection
	GlobalSection(SolutionProperties) = preSolution
		HideSolutionNode = FALSE
	EndGlobalSection
	GlobalSection(ExtensibilityGlobals) = postSolution
		SolutionGuid = {15C97F11-E596-4585-82C3-EBDDA73B8500}
	EndGlobalSection
EndGlobal
